
Microsoft Visual Studio Solution File, Format Version 12.00
# Visual Studio 15
VisualStudioVersion = 15.0.28307.421
MinimumVisualStudioVersion = 10.0.40219.1
Project("{9A19103F-16F7-4668-BE54-9A1E7A4F7556}") = "DatingApp.API", "DatingApp.API\DatingApp.API.csproj", "{E57FA8F5-F53E-42EC-AB1B-82F478DD266B}"
EndProject
Project("{9A19103F-16F7-4668-BE54-9A1E7A4F7556}") = "DatingApp.SPA", "DatingApp.SPA\DatingApp.SPA.csproj", "{06049267-8C29-45EC-AFD2-8B392098B005}"
EndProject
Global
	GlobalSection(SolutionConfigurationPlatforms) = preSolution
		Debug|Any CPU = Debug|Any CPU
		Release|Any CPU = Release|Any CPU
	EndGlobalSection
	GlobalSection(ProjectConfigurationPlatforms) = postSolution
		{E57FA8F5-F53E-42EC-AB1B-82F478DD266B}.Debug|Any CPU.ActiveCfg = Debug|Any CPU
		{E57FA8F5-F53E-42EC-AB1B-82F478DD266B}.Debug|Any CPU.Build.0 = Debug|Any CPU
		{E57FA8F5-F53E-42EC-AB1B-82F478DD266B}.Release|Any CPU.ActiveCfg = Release|Any CPU
		{E57FA8F5-F53E-42EC-AB1B-82F478DD266B}.Release|Any CPU.Build.0 = Release|Any CPU
		{06049267-8C29-45EC-AFD2-8B392098B005}.Debug|Any CPU.ActiveCfg = Debug|Any CPU
		{06049267-8C29-45EC-AFD2-8B392098B005}.Debug|Any CPU.Build.0 = Debug|Any CPU
		{06049267-8C29-45EC-AFD2-8B392098B005}.Release|Any CPU.ActiveCfg = Release|Any CPU
		{06049267-8C29-45EC-AFD2-8B392098B005}.Release|Any CPU.Build.0 = Release|Any CPU
	EndGlobalSection
	GlobalSection(SolutionProperties) = preSolution
		HideSolutionNode = FALSE
	EndGlobalSection
	GlobalSection(ExtensibilityGlobals) = postSolution
		SolutionGuid = {C9713350-B9DC-440B-8B3A-DF5B756B2DEF}
	EndGlobalSection
EndGlobal
